
Microsoft Visual Studio Solution File, Format Version 12.00
# Visual Studio Version 16
VisualStudioVersion = 16.0.31515.178
MinimumVisualStudioVersion = 10.0.40219.1
Project("{FAE04EC0-301F-11D3-BF4B-00C04F79EFBC}") = "MovieApp", "MovieApp\MovieApp.csproj", "{734EBB0A-41D7-4924-A637-B18B6822CA95}"
EndProject
Global
	GlobalSection(SolutionConfigurationPlatforms) = preSolution
		Debug|Any CPU = Debug|Any CPU
		Release|Any CPU = Release|Any CPU
	EndGlobalSection
	GlobalSection(ProjectConfigurationPlatforms) = postSolution
		{734EBB0A-41D7-4924-A637-B18B6822CA95}.Debug|Any CPU.ActiveCfg = Debug|Any CPU
		{734EBB0A-41D7-4924-A637-B18B6822CA95}.Debug|Any CPU.Build.0 = Debug|Any CPU
		{734EBB0A-41D7-4924-A637-B18B6822CA95}.Release|Any CPU.ActiveCfg = Release|Any CPU
		{734EBB0A-41D7-4924-A637-B18B6822CA95}.Release|Any CPU.Build.0 = Release|Any CPU
	EndGlobalSection
	GlobalSection(SolutionProperties) = preSolution
		HideSolutionNode = FALSE
	EndGlobalSection
	GlobalSection(ExtensibilityGlobals) = postSolution
		SolutionGuid = {828CA1F1-CCB3-42A0-B009-C73EE7F46A88}
	EndGlobalSection
EndGlobal
